// !$*UTF8*$!
{
	archiveVersion = 1;
	classes = {
	};
	objectVersion = 55;
	objects = {

/* Begin PBXBuildFile section */
		12C823CD28B53AEF00FD950A /* XButton.xib in Resources */ = {isa = PBXBuildFile; fileRef = 12C823CC28B53AEF00FD950A /* XButton.xib */; };
		12C823CF28B53C0000FD950A /* XButton.swift in Sources */ = {isa = PBXBuildFile; fileRef = 12C823CE28B53C0000FD950A /* XButton.swift */; };
		C6A7C44428B562AB0047868B /* B.wav in Resources */ = {isa = PBXBuildFile; fileRef = C6A7C42128B562A90047868B /* B.wav */; };
		C6A7C44528B562AB0047868B /* D.wav in Resources */ = {isa = PBXBuildFile; fileRef = C6A7C42228B562A90047868B /* D.wav */; };
		C6A7C44628B562AB0047868B /* G.wav in Resources */ = {isa = PBXBuildFile; fileRef = C6A7C42328B562A90047868B /* G.wav */; };
		C6A7C44728B562AB0047868B /* C.wav in Resources */ = {isa = PBXBuildFile; fileRef = C6A7C42428B562A90047868B /* C.wav */; };
		C6A7C44828B562AB0047868B /* F.wav in Resources */ = {isa = PBXBuildFile; fileRef = C6A7C42528B562A90047868B /* F.wav */; };
		C6A7C44928B562AB0047868B /* A.wav in Resources */ = {isa = PBXBuildFile; fileRef = C6A7C42628B562A90047868B /* A.wav */; };
		C6A7C44A28B562AB0047868B /* E.wav in Resources */ = {isa = PBXBuildFile; fileRef = C6A7C42728B562A90047868B /* E.wav */; };
		C6FC32E028B4EC2200DD17E7 /* AppDelegate.swift in Sources */ = {isa = PBXBuildFile; fileRef = C6FC32DF28B4EC2200DD17E7 /* AppDelegate.swift */; };
		C6FC32E228B4EC2200DD17E7 /* SceneDelegate.swift in Sources */ = {isa = PBXBuildFile; fileRef = C6FC32E128B4EC2200DD17E7 /* SceneDelegate.swift */; };
		C6FC32E428B4EC2200DD17E7 /* ViewController.swift in Sources */ = {isa = PBXBuildFile; fileRef = C6FC32E328B4EC2200DD17E7 /* ViewController.swift */; };
		C6FC32E728B4EC2200DD17E7 /* Main.storyboard in Resources */ = {isa = PBXBuildFile; fileRef = C6FC32E528B4EC2200DD17E7 /* Main.storyboard */; };
		C6FC32E928B4EC2400DD17E7 /* Assets.xcassets in Resources */ = {isa = PBXBuildFile; fileRef = C6FC32E828B4EC2400DD17E7 /* Assets.xcassets */; };
		C6FC32EC28B4EC2400DD17E7 /* LaunchScreen.storyboard in Resources */ = {isa = PBXBuildFile; fileRef = C6FC32EA28B4EC2400DD17E7 /* LaunchScreen.storyboard */; };
/* End PBXBuildFile section */

/* Begin PBXFileReference section */
		12C823CC28B53AEF00FD950A /* XButton.xib */ = {isa = PBXFileReference; lastKnownFileType = file.xib; path = XButton.xib; sourceTree = "<group>"; };
		12C823CE28B53C0000FD950A /* XButton.swift */ = {isa = PBXFileReference; lastKnownFileType = sourcecode.swift; path = XButton.swift; sourceTree = "<group>"; };
		C6A7C42128B562A90047868B /* B.wav */ = {isa = PBXFileReference; lastKnownFileType = audio.wav; path = B.wav; sourceTree = "<group>"; };
		C6A7C42228B562A90047868B /* D.wav */ = {isa = PBXFileReference; lastKnownFileType = audio.wav; path = D.wav; sourceTree = "<group>"; };
		C6A7C42328B562A90047868B /* G.wav */ = {isa = PBXFileReference; lastKnownFileType = audio.wav; path = G.wav; sourceTree = "<group>"; };
		C6A7C42428B562A90047868B /* C.wav */ = {isa = PBXFileReference; lastKnownFileType = audio.wav; path = C.wav; sourceTree = "<group>"; };
		C6A7C42528B562A90047868B /* F.wav */ = {isa = PBXFileReference; lastKnownFileType = audio.wav; path = F.wav; sourceTree = "<group>"; };
		C6A7C42628B562A90047868B /* A.wav */ = {isa = PBXFileReference; lastKnownFileType = audio.wav; path = A.wav; sourceTree = "<group>"; };
		C6A7C42728B562A90047868B /* E.wav */ = {isa = PBXFileReference; lastKnownFileType = audio.wav; path = E.wav; sourceTree = "<group>"; };
		C6FC32DC28B4EC2200DD17E7 /* XylophoneApp2.app */ = {isa = PBXFileReference; explicitFileType = wrapper.application; includeInIndex = 0; path = XylophoneApp2.app; sourceTree = BUILT_PRODUCTS_DIR; };
		C6FC32DF28B4EC2200DD17E7 /* AppDelegate.swift */ = {isa = PBXFileReference; lastKnownFileType = sourcecode.swift; path = AppDelegate.swift; sourceTree = "<group>"; };
		C6FC32E128B4EC2200DD17E7 /* SceneDelegate.swift */ = {isa = PBXFileReference; lastKnownFileType = sourcecode.swift; path = SceneDelegate.swift; sourceTree = "<group>"; };
		C6FC32E328B4EC2200DD17E7 /* ViewController.swift */ = {isa = PBXFileReference; lastKnownFileType = sourcecode.swift; path = ViewController.swift; sourceTree = "<group>"; };
		C6FC32E628B4EC2200DD17E7 /* Base */ = {isa = PBXFileReference; lastKnownFileType = file.storyboard; name = Base; path = Base.lproj/Main.storyboard; sourceTree = "<group>"; };
		C6FC32E828B4EC2400DD17E7 /* Assets.xcassets */ = {isa = PBXFileReference; lastKnownFileType = folder.assetcatalog; path = Assets.xcassets; sourceTree = "<group>"; };
		C6FC32EB28B4EC2400DD17E7 /* Base */ = {isa = PBXFileReference; lastKnownFileType = file.storyboard; name = Base; path = Base.lproj/LaunchScreen.storyboard; sourceTree = "<group>"; };
		C6FC32ED28B4EC2400DD17E7 /* Info.plist */ = {isa = PBXFileReference; lastKnownFileType = text.plist.xml; path = Info.plist; sourceTree = "<group>"; };
/* End PBXFileReference section */

/* Begin PBXFrameworksBuildPhase section */
		C6FC32D928B4EC2200DD17E7 /* Frameworks */ = {
			isa = PBXFrameworksBuildPhase;
			buildActionMask = 2147483647;
			files = (
			);
			runOnlyForDeploymentPostprocessing = 0;
		};
/* End PBXFrameworksBuildPhase section */

/* Begin PBXGroup section */
		C6FC32D328B4EC2200DD17E7 = {
			isa = PBXGroup;
			children = (
				C6FC32DE28B4EC2200DD17E7 /* XylophoneApp2 */,
				C6FC32DD28B4EC2200DD17E7 /* Products */,
			);
			sourceTree = "<group>";
		};
		C6FC32DD28B4EC2200DD17E7 /* Products */ = {
			isa = PBXGroup;
			children = (
				C6FC32DC28B4EC2200DD17E7 /* XylophoneApp2.app */,
			);
			name = Products;
			sourceTree = "<group>";
		};
		C6FC32DE28B4EC2200DD17E7 /* XylophoneApp2 */ = {
			isa = PBXGroup;
			children = (
				C6FC32DF28B4EC2200DD17E7 /* AppDelegate.swift */,
				C6FC32E128B4EC2200DD17E7 /* SceneDelegate.swift */,
				C6FC32E328B4EC2200DD17E7 /* ViewController.swift */,
				12C823CC28B53AEF00FD950A /* XButton.xib */,
				12C823CE28B53C0000FD950A /* XButton.swift */,
				C6FC32E528B4EC2200DD17E7 /* Main.storyboard */,
				C6FC32E828B4EC2400DD17E7 /* Assets.xcassets */,
				C6FC32EA28B4EC2400DD17E7 /* LaunchScreen.storyboard */,
				C6FC32ED28B4EC2400DD17E7 /* Info.plist */,
				C6A7C42628B562A90047868B /* A.wav */,
				C6A7C42128B562A90047868B /* B.wav */,
				C6A7C42428B562A90047868B /* C.wav */,
				C6A7C42228B562A90047868B /* D.wav */,
				C6A7C42728B562A90047868B /* E.wav */,
				C6A7C42528B562A90047868B /* F.wav */,
				C6A7C42328B562A90047868B /* G.wav */,
			);
			path = XylophoneApp2;
			sourceTree = "<group>";
		};
/* End PBXGroup section */

/* Begin PBXNativeTarget section */
		C6FC32DB28B4EC2200DD17E7 /* XylophoneApp2 */ = {
			isa = PBXNativeTarget;
			buildConfigurationList = C6FC32F028B4EC2400DD17E7 /* Build configuration list for PBXNativeTarget "XylophoneApp2" */;
			buildPhases = (
				C6FC32D828B4EC2200DD17E7 /* Sources */,
				C6FC32D928B4EC2200DD17E7 /* Frameworks */,
				C6FC32DA28B4EC2200DD17E7 /* Resources */,
			);
			buildRules = (
			);
			dependencies = (
			);
			name = XylophoneApp2;
			productName = XylophoneApp2;
			productReference = C6FC32DC28B4EC2200DD17E7 /* XylophoneApp2.app */;
			productType = "com.apple.product-type.application";
		};
/* End PBXNativeTarget section */

/* Begin PBXProject section */
		C6FC32D428B4EC2200DD17E7 /* Project object */ = {
			isa = PBXProject;
			attributes = {
				BuildIndependentTargetsInParallel = 1;
				LastSwiftUpdateCheck = 1320;
				LastUpgradeCheck = 1320;
				TargetAttributes = {
					C6FC32DB28B4EC2200DD17E7 = {
						CreatedOnToolsVersion = 13.2.1;
					};
				};
			};
			buildConfigurationList = C6FC32D728B4EC2200DD17E7 /* Build configuration list for PBXProject "XylophoneApp2" */;
			compatibilityVersion = "Xcode 13.0";
			developmentRegion = en;
			hasScannedForEncodings = 0;
			knownRegions = (
				en,
				Base,
			);
			mainGroup = C6FC32D328B4EC2200DD17E7;
			productRefGroup = C6FC32DD28B4EC2200DD17E7 /* Products */;
			projectDirPath = "";
			projectRoot = "";
			targets = (
				C6FC32DB28B4EC2200DD17E7 /* XylophoneApp2 */,
			);
		};
/* End PBXProject section */

/* Begin PBXResourcesBuildPhase section */
		C6FC32DA28B4EC2200DD17E7 /* Resources */ = {
			isa = PBXResourcesBuildPhase;
			buildActionMask = 2147483647;
			files = (
				C6A7C44A28B562AB0047868B /* E.wav in Resources */,
				12C823CD28B53AEF00FD950A /* XButton.xib in Resources */,
				C6A7C44428B562AB0047868B /* B.wav in Resources */,
				C6FC32EC28B4EC2400DD17E7 /* LaunchScreen.storyboard in Resources */,
				C6A7C44828B562AB0047868B /* F.wav in Resources */,
				C6A7C44528B562AB0047868B /* D.wav in Resources */,
				C6A7C44728B562AB0047868B /* C.wav in Resources */,
				C6A7C44628B562AB0047868B /* G.wav in Resources */,
				C6FC32E928B4EC2400DD17E7 /* Assets.xcassets in Resources */,
				C6A7C44928B562AB0047868B /* A.wav in Resources */,
				C6FC32E728B4EC2200DD17E7 /* Main.storyboard in Resources */,
			);
			runOnlyForDeploymentPostprocessing = 0;
		};
/* End PBXResourcesBuildPhase section */

/* Begin PBXSourcesBuildPhase section */
		C6FC32D828B4EC2200DD17E7 /* Sources */ = {
			isa = PBXSourcesBuildPhase;
			buildActionMask = 2147483647;
			files = (
				12C823CF28B53C0000FD950A /* XButton.swift in Sources */,
				C6FC32E428B4EC2200DD17E7 /* ViewController.swift in Sources */,
				C6FC32E028B4EC2200DD17E7 /* AppDelegate.swift in Sources */,
				C6FC32E228B4EC2200DD17E7 /* SceneDelegate.swift in Sources */,
			);
			runOnlyForDeploymentPostprocessing = 0;
		};
/* End PBXSourcesBuildPhase section */

/* Begin PBXVariantGroup section */
		C6FC32E528B4EC2200DD17E7 /* Main.storyboard */ = {
			isa = PBXVariantGroup;
			children = (
				C6FC32E628B4EC2200DD17E7 /* Base */,
			);
			name = Main.storyboard;
			sourceTree = "<group>";
		};
		C6FC32EA28B4EC2400DD17E7 /* LaunchScreen.storyboard */ = {
			isa = PBXVariantGroup;
			children = (
				C6FC32EB28B4EC2400DD17E7 /* Base */,
			);
			name = LaunchScreen.storyboard;
			sourceTree = "<group>";
		};
/* End PBXVariantGroup section */

/* Begin XCBuildConfiguration section */
		C6FC32EE28B4EC2400DD17E7 /* Debug */ = {
			isa = XCBuildConfiguration;
			buildSettings = {
				ALWAYS_SEARCH_USER_PATHS = NO;
				CLANG_ANALYZER_NONNULL = YES;
				CLANG_ANALYZER_NUMBER_OBJECT_CONVERSION = YES_AGGRESSIVE;
				CLANG_CXX_LANGUAGE_STANDARD = "gnu++17";
				CLANG_CXX_LIBRARY = "libc++";
				CLANG_ENABLE_MODULES = YES;
				CLANG_ENABLE_OBJC_ARC = YES;
				CLANG_ENABLE_OBJC_WEAK = YES;
				CLANG_WARN_BLOCK_CAPTURE_AUTORELEASING = YES;
				CLANG_WARN_BOOL_CONVERSION = YES;
				CLANG_WARN_COMMA = YES;
				CLANG_WARN_CONSTANT_CONVERSION = YES;
				CLANG_WARN_DEPRECATED_OBJC_IMPLEMENTATIONS = YES;
				CLANG_WARN_DIRECT_OBJC_ISA_USAGE = YES_ERROR;
				CLANG_WARN_DOCUMENTATION_COMMENTS = YES;
				CLANG_WARN_EMPTY_BODY = YES;
				CLANG_WARN_ENUM_CONVERSION = YES;
				CLANG_WARN_INFINITE_RECURSION = YES;
				CLANG_WARN_INT_CONVERSION = YES;
				CLANG_WARN_NON_LITERAL_NULL_CONVERSION = YES;
				CLANG_WARN_OBJC_IMPLICIT_RETAIN_SELF = YES;
				CLANG_WARN_OBJC_LITERAL_CONVERSION = YES;
				CLANG_WARN_OBJC_ROOT_CLASS = YES_ERROR;
				CLANG_WARN_QUOTED_INCLUDE_IN_FRAMEWORK_HEADER = YES;
				CLANG_WARN_RANGE_LOOP_ANALYSIS = YES;
				CLANG_WARN_STRICT_PROTOTYPES = YES;
				CLANG_WARN_SUSPICIOUS_MOVE = YES;
				CLANG_WARN_UNGUARDED_AVAILABILITY = YES_AGGRESSIVE;
				CLANG_WARN_UNREACHABLE_CODE = YES;
				CLANG_WARN__DUPLICATE_METHOD_MATCH = YES;
				COPY_PHASE_STRIP = NO;
				DEBUG_INFORMATION_FORMAT = dwarf;
				ENABLE_STRICT_OBJC_MSGSEND = YES;
				ENABLE_TESTABILITY = YES;
				GCC_C_LANGUAGE_STANDARD = gnu11;
				GCC_DYNAMIC_NO_PIC = NO;
				GCC_NO_COMMON_BLOCKS = YES;
				GCC_OPTIMIZATION_LEVEL = 0;
				GCC_PREPROCESSOR_DEFINITIONS = (
					"DEBUG=1",
					"$(inherited)",
				);
				GCC_WARN_64_TO_32_BIT_CONVERSION = YES;
				GCC_WARN_ABOUT_RETURN_TYPE = YES_ERROR;
				GCC_WARN_UNDECLARED_SELECTOR = YES;
				GCC_WARN_UNINITIALIZED_AUTOS = YES_AGGRESSIVE;
				GCC_WARN_UNUSED_FUNCTION = YES;
				GCC_WARN_UNUSED_VARIABLE = YES;
				IPHONEOS_DEPLOYMENT_TARGET = 15.2;
				MTL_ENABLE_DEBUG_INFO = INCLUDE_SOURCE;
				MTL_FAST_MATH = YES;
				ONLY_ACTIVE_ARCH = YES;
				SDKROOT = iphoneos;
				SWIFT_ACTIVE_COMPILATION_CONDITIONS = DEBUG;
				SWIFT_OPTIMIZATION_LEVEL = "-Onone";
			};
			name = Debug;
		};
		C6FC32EF28B4EC2400DD17E7 /* Release */ = {
			isa = XCBuildConfiguration;
			buildSettings = {
				ALWAYS_SEARCH_USER_PATHS = NO;
				CLANG_ANALYZER_NONNULL = YES;
				CLANG_ANALYZER_NUMBER_OBJECT_CONVERSION = YES_AGGRESSIVE;
				CLANG_CXX_LANGUAGE_STANDARD = "gnu++17";
				CLANG_CXX_LIBRARY = "libc++";
				CLANG_ENABLE_MODULES = YES;
				CLANG_ENABLE_OBJC_ARC = YES;
				CLANG_ENABLE_OBJC_WEAK = YES;
				CLANG_WARN_BLOCK_CAPTURE_AUTORELEASING = YES;
				CLANG_WARN_BOOL_CONVERSION = YES;
				CLANG_WARN_COMMA = YES;
				CLANG_WARN_CONSTANT_CONVERSION = YES;
				CLANG_WARN_DEPRECATED_OBJC_IMPLEMENTATIONS = YES;
				CLANG_WARN_DIRECT_OBJC_ISA_USAGE = YES_ERROR;
				CLANG_WARN_DOCUMENTATION_COMMENTS = YES;
				CLANG_WARN_EMPTY_BODY = YES;
				CLANG_WARN_ENUM_CONVERSION = YES;
				CLANG_WARN_INFINITE_RECURSION = YES;
				CLANG_WARN_INT_CONVERSION = YES;
				CLANG_WARN_NON_LITERAL_NULL_CONVERSION = YES;
				CLANG_WARN_OBJC_IMPLICIT_RETAIN_SELF = YES;
				CLANG_WARN_OBJC_LITERAL_CONVERSION = YES;
				CLANG_WARN_OBJC_ROOT_CLASS = YES_ERROR;
				CLANG_WARN_QUOTED_INCLUDE_IN_FRAMEWORK_HEADER = YES;
				CLANG_WARN_RANGE_LOOP_ANALYSIS = YES;
				CLANG_WARN_STRICT_PROTOTYPES = YES;
				CLANG_WARN_SUSPICIOUS_MOVE = YES;
				CLANG_WARN_UNGUARDED_AVAILABILITY = YES_AGGRESSIVE;
				CLANG_WARN_UNREACHABLE_CODE = YES;
				CLANG_WARN__DUPLICATE_METHOD_MATCH = YES;
				COPY_PHASE_STRIP = NO;
				DEBUG_INFORMATION_FORMAT = "dwarf-with-dsym";
				ENABLE_NS_ASSERTIONS = NO;
				ENABLE_STRICT_OBJC_MSGSEND = YES;
				GCC_C_LANGUAGE_STANDARD = gnu11;
				GCC_NO_COMMON_BLOCKS = YES;
				GCC_WARN_64_TO_32_BIT_CONVERSION = YES;
				GCC_WARN_ABOUT_RETURN_TYPE = YES_ERROR;
				GCC_WARN_UNDECLARED_SELECTOR = YES;
				GCC_WARN_UNINITIALIZED_AUTOS = YES_AGGRESSIVE;
				GCC_WARN_UNUSED_FUNCTION = YES;
				GCC_WARN_UNUSED_VARIABLE = YES;
				IPHONEOS_DEPLOYMENT_TARGET = 15.2;
				MTL_ENABLE_DEBUG_INFO = NO;
				MTL_FAST_MATH = YES;
				SDKROOT = iphoneos;
				SWIFT_COMPILATION_MODE = wholemodule;
				SWIFT_OPTIMIZATION_LEVEL = "-O";
				VALIDATE_PRODUCT = YES;
			};
			name = Release;
		};
		C6FC32F128B4EC2400DD17E7 /* Debug */ = {
			isa = XCBuildConfiguration;
			buildSettings = {
				ASSETCATALOG_COMPILER_APPICON_NAME = AppIcon;
				ASSETCATALOG_COMPILER_GLOBAL_ACCENT_COLOR_NAME = AccentColor;
				CODE_SIGN_STYLE = Automatic;
				CURRENT_PROJECT_VERSION = 1;
				DEVELOPMENT_TEAM = 4BD7R7VJN8;
				GENERATE_INFOPLIST_FILE = YES;
				INFOPLIST_FILE = XylophoneApp2/Info.plist;
				INFOPLIST_KEY_UIApplicationSupportsIndirectInputEvents = YES;
				INFOPLIST_KEY_UILaunchStoryboardName = LaunchScreen;
				INFOPLIST_KEY_UIMainStoryboardFile = Main;
				INFOPLIST_KEY_UISupportedInterfaceOrientations_iPad = "UIInterfaceOrientationPortrait UIInterfaceOrientationPortraitUpsideDown UIInterfaceOrientationLandscapeLeft UIInterfaceOrientationLandscapeRight";
				INFOPLIST_KEY_UISupportedInterfaceOrientations_iPhone = "UIInterfaceOrientationPortrait UIInterfaceOrientationLandscapeLeft UIInterfaceOrientationLandscapeRight";
				LD_RUNPATH_SEARCH_PATHS = (
					"$(inherited)",
					"@executable_path/Frameworks",
				);
				MARKETING_VERSION = 1.0;
				PRODUCT_BUNDLE_IDENTIFIER = com.dilaraelcioglu.XylophoneApp2;
				PRODUCT_NAME = "$(TARGET_NAME)";
				SWIFT_EMIT_LOC_STRINGS = YES;
				SWIFT_VERSION = 5.0;
				TARGETED_DEVICE_FAMILY = "1,2";
			};
			name = Debug;
		};
		C6FC32F228B4EC2400DD17E7 /* Release */ = {
			isa = XCBuildConfiguration;
			buildSettings = {
				ASSETCATALOG_COMPILER_APPICON_NAME = AppIcon;
				ASSETCATALOG_COMPILER_GLOBAL_ACCENT_COLOR_NAME = AccentColor;
				CODE_SIGN_STYLE = Automatic;
				CURRENT_PROJECT_VERSION = 1;
				DEVELOPMENT_TEAM = 4BD7R7VJN8;
				GENERATE_INFOPLIST_FILE = YES;
				INFOPLIST_FILE = XylophoneApp2/Info.plist;
				INFOPLIST_KEY_UIApplicationSupportsIndirectInputEvents = YES;
				INFOPLIST_KEY_UILaunchStoryboardName = LaunchScreen;
				INFOPLIST_KEY_UIMainStoryboardFile = Main;
				INFOPLIST_KEY_UISupportedInterfaceOrientations_iPad = "UIInterfaceOrientationPortrait UIInterfaceOrientationPortraitUpsideDown UIInterfaceOrientationLandscapeLeft UIInterfaceOrientationLandscapeRight";
				INFOPLIST_KEY_UISupportedInterfaceOrientations_iPhone = "UIInterfaceOrientationPortrait UIInterfaceOrientationLandscapeLeft UIInterfaceOrientationLandscapeRight";
				LD_RUNPATH_SEARCH_PATHS = (
					"$(inherited)",
					"@executable_path/Frameworks",
				);
				MARKETING_VERSION = 1.0;
				PRODUCT_BUNDLE_IDENTIFIER = com.dilaraelcioglu.XylophoneApp2;
				PRODUCT_NAME = "$(TARGET_NAME)";
				SWIFT_EMIT_LOC_STRINGS = YES;
				SWIFT_VERSION = 5.0;
				TARGETED_DEVICE_FAMILY = "1,2";
			};
			name = Release;
		};
/* End XCBuildConfiguration section */

/* Begin XCConfigurationList section */
		C6FC32D728B4EC2200DD17E7 /* Build configuration list for PBXProject "XylophoneApp2" */ = {
			isa = XCConfigurationList;
			buildConfigurations = (
				C6FC32EE28B4EC2400DD17E7 /* Debug */,
				C6FC32EF28B4EC2400DD17E7 /* Release */,
			);
			defaultConfigurationIsVisible = 0;
			defaultConfigurationName = Release;
		};
		C6FC32F028B4EC2400DD17E7 /* Build configuration list for PBXNativeTarget "XylophoneApp2" */ = {
			isa = XCConfigurationList;
			buildConfigurations = (
				C6FC32F128B4EC2400DD17E7 /* Debug */,
				C6FC32F228B4EC2400DD17E7 /* Release */,
			);
			defaultConfigurationIsVisible = 0;
			defaultConfigurationName = Release;
		};
/* End XCConfigurationList section */
	};
	rootObject = C6FC32D428B4EC2200DD17E7 /* Project object */;
}
